Microsoft Visual Studio Solution File, Format Version 8.00
Project("{FAE04EC0-301F-11D3-BF4B-00C04F79EFBC}") = "MapEditor", "MapEditor\MapEditor.csproj", "{9B0F4317-A6AC-4F6E-8ECB-E711175CFB90}"
	ProjectSection(ProjectDependencies) = postProject
	EndProjectSection
EndProject
Project("{FAE04EC0-301F-11D3-BF4B-00C04F79EFBC}") = "BagTool", "BagTool\BagTool.csproj", "{DC2C210E-5C0D-4837-A887-3AC68402D0F5}"
	ProjectSection(ProjectDependencies) = postProject
	EndProjectSection
EndProject
Project("{FAE04EC0-301F-11D3-BF4B-00C04F79EFBC}") = "StringEditor", "StringEditor\StringEditor.csproj", "{2CB6363D-6ABF-4F9F-9BD6-F301C0A18DEE}"
	ProjectSection(ProjectDependencies) = postProject
	EndProjectSection
EndProject
Project("{FAE04EC0-301F-11D3-BF4B-00C04F79EFBC}") = "Trainer", "Trainer\Trainer.csproj", "{C53FBBFA-B3A0-4FFF-8E08-59FFF0ADF5B3}"
	ProjectSection(ProjectDependencies) = postProject
	EndProjectSection
EndProject
Project("{FAE04EC0-301F-11D3-BF4B-00C04F79EFBC}") = "PlrEditor", "PlrEditor\PlrEditor.csproj", "{56AA53AC-998D-4B36-9BF1-FB14BE89AA37}"
	ProjectSection(ProjectDependencies) = postProject
	EndProjectSection
EndProject
Project("{54435603-DBB4-11D2-8724-00A0C9A8B90C}") = "Setup", "Setup\Setup.vdproj", "{AACA5018-313E-4BB5-840C-3530A97C7666}"
	ProjectSection(ProjectDependencies) = postProject
	EndProjectSection
EndProject
Global
	GlobalSection(SolutionConfiguration) = preSolution
		Debug = Debug
		Release = Release
	EndGlobalSection
	GlobalSection(ProjectConfiguration) = postSolution
		{9B0F4317-A6AC-4F6E-8ECB-E711175CFB90}.Debug.ActiveCfg = Debug|.NET
		{9B0F4317-A6AC-4F6E-8ECB-E711175CFB90}.Debug.Build.0 = Debug|.NET
		{9B0F4317-A6AC-4F6E-8ECB-E711175CFB90}.Release.ActiveCfg = Release|.NET
		{9B0F4317-A6AC-4F6E-8ECB-E711175CFB90}.Release.Build.0 = Release|.NET
		{DC2C210E-5C0D-4837-A887-3AC68402D0F5}.Debug.ActiveCfg = Debug|.NET
		{DC2C210E-5C0D-4837-A887-3AC68402D0F5}.Debug.Build.0 = Debug|.NET
		{DC2C210E-5C0D-4837-A887-3AC68402D0F5}.Release.ActiveCfg = Release|.NET
		{DC2C210E-5C0D-4837-A887-3AC68402D0F5}.Release.Build.0 = Release|.NET
		{2CB6363D-6ABF-4F9F-9BD6-F301C0A18DEE}.Debug.ActiveCfg = Debug|.NET
		{2CB6363D-6ABF-4F9F-9BD6-F301C0A18DEE}.Debug.Build.0 = Debug|.NET
		{2CB6363D-6ABF-4F9F-9BD6-F301C0A18DEE}.Release.ActiveCfg = Release|.NET
		{2CB6363D-6ABF-4F9F-9BD6-F301C0A18DEE}.Release.Build.0 = Release|.NET
		{C53FBBFA-B3A0-4FFF-8E08-59FFF0ADF5B3}.Debug.ActiveCfg = Debug|.NET
		{C53FBBFA-B3A0-4FFF-8E08-59FFF0ADF5B3}.Debug.Build.0 = Debug|.NET
		{C53FBBFA-B3A0-4FFF-8E08-59FFF0ADF5B3}.Release.ActiveCfg = Release|.NET
		{C53FBBFA-B3A0-4FFF-8E08-59FFF0ADF5B3}.Release.Build.0 = Release|.NET
		{56AA53AC-998D-4B36-9BF1-FB14BE89AA37}.Debug.ActiveCfg = Debug|.NET
		{56AA53AC-998D-4B36-9BF1-FB14BE89AA37}.Debug.Build.0 = Debug|.NET
		{56AA53AC-998D-4B36-9BF1-FB14BE89AA37}.Release.ActiveCfg = Release|.NET
		{56AA53AC-998D-4B36-9BF1-FB14BE89AA37}.Release.Build.0 = Release|.NET
		{AACA5018-313E-4BB5-840C-3530A97C7666}.Debug.ActiveCfg = Debug
		{AACA5018-313E-4BB5-840C-3530A97C7666}.Release.ActiveCfg = Release
	EndGlobalSection
	GlobalSection(ExtensibilityGlobals) = postSolution
	EndGlobalSection
	GlobalSection(ExtensibilityAddIns) = postSolution
	EndGlobalSection
EndGlobal
